// !$*UTF8*$!
{
	archiveVersion = 1;
	classes = {
	};
	objectVersion = 48;
	objects = {

/* Begin PBXBuildFile section */
		334A682A64CBC47A811B7BBE /* Pods_FirstResponderTests.framework in Frameworks */ = {isa = PBXBuildFile; fileRef = 87028EE5D2A0B31F1A8B702D /* Pods_FirstResponderTests.framework */; };
		66C2CE97E21B1CEB8490467E /* Pods_FirstResponderUITests.framework in Frameworks */ = {isa = PBXBuildFile; fileRef = BDBA9D6ECA01D04FD8E5C014 /* Pods_FirstResponderUITests.framework */; };
		AA57ABA820784DE30055BDA3 /* AppDelegate.swift in Sources */ = {isa = PBXBuildFile; fileRef = AA57ABA720784DE30055BDA3 /* AppDelegate.swift */; };
		AA57ABAA20784DE30055BDA3 /* ViewController.swift in Sources */ = {isa = PBXBuildFile; fileRef = AA57ABA920784DE30055BDA3 /* ViewController.swift */; };
		AA57ABAD20784DE30055BDA3 /* Main.storyboard in Resources */ = {isa = PBXBuildFile; fileRef = AA57ABAB20784DE30055BDA3 /* Main.storyboard */; };
		AA57ABAF20784DE30055BDA3 /* Assets.xcassets in Resources */ = {isa = PBXBuildFile; fileRef = AA57ABAE20784DE30055BDA3 /* Assets.xcassets */; };
		AA57ABB220784DE30055BDA3 /* LaunchScreen.storyboard in Resources */ = {isa = PBXBuildFile; fileRef = AA57ABB020784DE30055BDA3 /* LaunchScreen.storyboard */; };
		AA57ABBD20784DE30055BDA3 /* FirstResponderTests.swift in Sources */ = {isa = PBXBuildFile; fileRef = AA57ABBC20784DE30055BDA3 /* FirstResponderTests.swift */; };
		AA57ABC820784DE30055BDA3 /* FirstResponderUITests.swift in Sources */ = {isa = PBXBuildFile; fileRef = AA57ABC720784DE30055BDA3 /* FirstResponderUITests.swift */; };
		AA57ABD8207855840055BDA3 /* ViewControllerTableViewCell.swift in Sources */ = {isa = PBXBuildFile; fileRef = AA57ABD7207855840055BDA3 /* ViewControllerTableViewCell.swift */; };
		AA57ABDA2078562B0055BDA3 /* HouseholdModel.swift in Sources */ = {isa = PBXBuildFile; fileRef = AA57ABD92078562B0055BDA3 /* HouseholdModel.swift */; };
		AA57ABDC20785A280055BDA3 /* GoogleService-Info.plist in Resources */ = {isa = PBXBuildFile; fileRef = AA57ABDB20785A280055BDA3 /* GoogleService-Info.plist */; };
		E5D5EE375FA96CDBEBD1597B /* Pods_FirstResponder.framework in Frameworks */ = {isa = PBXBuildFile; fileRef = 93C35C6CB4344555B4B69733 /* Pods_FirstResponder.framework */; };
/* End PBXBuildFile section */

/* Begin PBXContainerItemProxy section */
		AA57ABB920784DE30055BDA3 /* PBXContainerItemProxy */ = {
			isa = PBXContainerItemProxy;
			containerPortal = AA57AB9C20784DE30055BDA3 /* Project object */;
			proxyType = 1;
			remoteGlobalIDString = AA57ABA320784DE30055BDA3;
			remoteInfo = FirstResponder;
		};
		AA57ABC420784DE30055BDA3 /* PBXContainerItemProxy */ = {
			isa = PBXContainerItemProxy;
			containerPortal = AA57AB9C20784DE30055BDA3 /* Project object */;
			proxyType = 1;
			remoteGlobalIDString = AA57ABA320784DE30055BDA3;
			remoteInfo = FirstResponder;
		};
/* End PBXContainerItemProxy section */

/* Begin PBXFileReference section */
		008A187E1919999C3D833B21 /* Pods-FirstResponderUITests.debug.xcconfig */ = {isa = PBXFileReference; includeInIndex = 1; lastKnownFileType = text.xcconfig; name = "Pods-FirstResponderUITests.debug.xcconfig"; path = "Pods/Target Support Files/Pods-FirstResponderUITests/Pods-FirstResponderUITests.debug.xcconfig"; sourceTree = "<group>"; };
		2F13A303544225B4BC56AC77 /* Pods-FirstResponderUITests.release.xcconfig */ = {isa = PBXFileReference; includeInIndex = 1; lastKnownFileType = text.xcconfig; name = "Pods-FirstResponderUITests.release.xcconfig"; path = "Pods/Target Support Files/Pods-FirstResponderUITests/Pods-FirstResponderUITests.release.xcconfig"; sourceTree = "<group>"; };
		5523164C60A9ED5EC240DC43 /* Pods-FirstResponderTests.debug.xcconfig */ = {isa = PBXFileReference; includeInIndex = 1; lastKnownFileType = text.xcconfig; name = "Pods-FirstResponderTests.debug.xcconfig"; path = "Pods/Target Support Files/Pods-FirstResponderTests/Pods-FirstResponderTests.debug.xcconfig"; sourceTree = "<group>"; };
		7F312BA6513955BF2E926DAD /* Pods-FirstResponderTests.release.xcconfig */ = {isa = PBXFileReference; includeInIndex = 1; lastKnownFileType = text.xcconfig; name = "Pods-FirstResponderTests.release.xcconfig"; path = "Pods/Target Support Files/Pods-FirstResponderTests/Pods-FirstResponderTests.release.xcconfig"; sourceTree = "<group>"; };
		87028EE5D2A0B31F1A8B702D /* Pods_FirstResponderTests.framework */ = {isa = PBXFileReference; explicitFileType = wrapper.framework; includeInIndex = 0; path = Pods_FirstResponderTests.framework; sourceTree = BUILT_PRODUCTS_DIR; };
		93C35C6CB4344555B4B69733 /* Pods_FirstResponder.framework */ = {isa = PBXFileReference; explicitFileType = wrapper.framework; includeInIndex = 0; path = Pods_FirstResponder.framework; sourceTree = BUILT_PRODUCTS_DIR; };
		AA57ABA420784DE30055BDA3 /* FirstResponder.app */ = {isa = PBXFileReference; explicitFileType = wrapper.application; includeInIndex = 0; path = FirstResponder.app; sourceTree = BUILT_PRODUCTS_DIR; };
		AA57ABA720784DE30055BDA3 /* AppDelegate.swift */ = {isa = PBXFileReference; lastKnownFileType = sourcecode.swift; path = AppDelegate.swift; sourceTree = "<group>"; };
		AA57ABA920784DE30055BDA3 /* ViewController.swift */ = {isa = PBXFileReference; lastKnownFileType = sourcecode.swift; path = ViewController.swift; sourceTree = "<group>"; };
		AA57ABAC20784DE30055BDA3 /* Base */ = {isa = PBXFileReference; lastKnownFileType = file.storyboard; name = Base; path = Base.lproj/Main.storyboard; sourceTree = "<group>"; };
		AA57ABAE20784DE30055BDA3 /* Assets.xcassets */ = {isa = PBXFileReference; lastKnownFileType = folder.assetcatalog; path = Assets.xcassets; sourceTree = "<group>"; };
		AA57ABB120784DE30055BDA3 /* Base */ = {isa = PBXFileReference; lastKnownFileType = file.storyboard; name = Base; path = Base.lproj/LaunchScreen.storyboard; sourceTree = "<group>"; };
		AA57ABB320784DE30055BDA3 /* Info.plist */ = {isa = PBXFileReference; lastKnownFileType = text.plist.xml; path = Info.plist; sourceTree = "<group>"; };
		AA57ABB820784DE30055BDA3 /* FirstResponderTests.xctest */ = {isa = PBXFileReference; explicitFileType = wrapper.cfbundle; includeInIndex = 0; path = FirstResponderTests.xctest; sourceTree = BUILT_PRODUCTS_DIR; };
		AA57ABBC20784DE30055BDA3 /* FirstResponderTests.swift */ = {isa = PBXFileReference; lastKnownFileType = sourcecode.swift; path = FirstResponderTests.swift; sourceTree = "<group>"; };
		AA57ABBE20784DE30055BDA3 /* Info.plist */ = {isa = PBXFileReference; lastKnownFileType = text.plist.xml; path = Info.plist; sourceTree = "<group>"; };
		AA57ABC320784DE30055BDA3 /* FirstResponderUITests.xctest */ = {isa = PBXFileReference; explicitFileType = wrapper.cfbundle; includeInIndex = 0; path = FirstResponderUITests.xctest; sourceTree = BUILT_PRODUCTS_DIR; };
		AA57ABC720784DE30055BDA3 /* FirstResponderUITests.swift */ = {isa = PBXFileReference; lastKnownFileType = sourcecode.swift; path = FirstResponderUITests.swift; sourceTree = "<group>"; };
		AA57ABC920784DE30055BDA3 /* Info.plist */ = {isa = PBXFileReference; lastKnownFileType = text.plist.xml; path = Info.plist; sourceTree = "<group>"; };
		AA57ABD7207855840055BDA3 /* ViewControllerTableViewCell.swift */ = {isa = PBXFileReference; lastKnownFileType = sourcecode.swift; path = ViewControllerTableViewCell.swift; sourceTree = "<group>"; };
		AA57ABD92078562B0055BDA3 /* HouseholdModel.swift */ = {isa = PBXFileReference; lastKnownFileType = sourcecode.swift; path = HouseholdModel.swift; sourceTree = "<group>"; };
		AA57ABDB20785A280055BDA3 /* GoogleService-Info.plist */ = {isa = PBXFileReference; fileEncoding = 4; lastKnownFileType = text.plist.xml; name = "GoogleService-Info.plist"; path = "../../../Downloads/GoogleService-Info.plist"; sourceTree = "<group>"; };
		B8D1AC0F38E7CF5F75E37C96 /* Pods-FirstResponder.release.xcconfig */ = {isa = PBXFileReference; includeInIndex = 1; lastKnownFileType = text.xcconfig; name = "Pods-FirstResponder.release.xcconfig"; path = "Pods/Target Support Files/Pods-FirstResponder/Pods-FirstResponder.release.xcconfig"; sourceTree = "<group>"; };
		BDBA9D6ECA01D04FD8E5C014 /* Pods_FirstResponderUITests.framework */ = {isa = PBXFileReference; explicitFileType = wrapper.framework; includeInIndex = 0; path = Pods_FirstResponderUITests.framework; sourceTree = BUILT_PRODUCTS_DIR; };
		CEF608C0B1CC5102DEC6419B /* Pods-FirstResponder.debug.xcconfig */ = {isa = PBXFileReference; includeInIndex = 1; lastKnownFileType = text.xcconfig; name = "Pods-FirstResponder.debug.xcconfig"; path = "Pods/Target Support Files/Pods-FirstResponder/Pods-FirstResponder.debug.xcconfig"; sourceTree = "<group>"; };
/* End PBXFileReference section */

/* Begin PBXFrameworksBuildPhase section */
		AA57ABA120784DE30055BDA3 /* Frameworks */ = {
			isa = PBXFrameworksBuildPhase;
			buildActionMask = 2147483647;
			files = (
				E5D5EE375FA96CDBEBD1597B /* Pods_FirstResponder.framework in Frameworks */,
			);
			runOnlyForDeploymentPostprocessing = 0;
		};
		AA57ABB520784DE30055BDA3 /* Frameworks */ = {
			isa = PBXFrameworksBuildPhase;
			buildActionMask = 2147483647;
			files = (
				334A682A64CBC47A811B7BBE /* Pods_FirstResponderTests.framework in Frameworks */,
			);
			runOnlyForDeploymentPostprocessing = 0;
		};
		AA57ABC020784DE30055BDA3 /* Frameworks */ = {
			isa = PBXFrameworksBuildPhase;
			buildActionMask = 2147483647;
			files = (
				66C2CE97E21B1CEB8490467E /* Pods_FirstResponderUITests.framework in Frameworks */,
			);
			runOnlyForDeploymentPostprocessing = 0;
		};
/* End PBXFrameworksBuildPhase section */

/* Begin PBXGroup section */
		AA57AB9B20784DE30055BDA3 = {
			isa = PBXGroup;
			children = (
				AA57ABA620784DE30055BDA3 /* FirstResponder */,
				AA57ABBB20784DE30055BDA3 /* FirstResponderTests */,
				AA57ABC620784DE30055BDA3 /* FirstResponderUITests */,
				AA57ABA520784DE30055BDA3 /* Products */,
				C17223CEE5A5BE3E269FCCC5 /* Pods */,
				CD2ED0756005E35CC4227861 /* Frameworks */,
			);
			sourceTree = "<group>";
		};
		AA57ABA520784DE30055BDA3 /* Products */ = {
			isa = PBXGroup;
			children = (
				AA57ABA420784DE30055BDA3 /* FirstResponder.app */,
				AA57ABB820784DE30055BDA3 /* FirstResponderTests.xctest */,
				AA57ABC320784DE30055BDA3 /* FirstResponderUITests.xctest */,
			);
			name = Products;
			sourceTree = "<group>";
		};
		AA57ABA620784DE30055BDA3 /* FirstResponder */ = {
			isa = PBXGroup;
			children = (
				AA57ABA720784DE30055BDA3 /* AppDelegate.swift */,
				AA57ABA920784DE30055BDA3 /* ViewController.swift */,
				AA57ABAB20784DE30055BDA3 /* Main.storyboard */,
				AA57ABD92078562B0055BDA3 /* HouseholdModel.swift */,
				AA57ABDB20785A280055BDA3 /* GoogleService-Info.plist */,
				AA57ABD7207855840055BDA3 /* ViewControllerTableViewCell.swift */,
				AA57ABAE20784DE30055BDA3 /* Assets.xcassets */,
				AA57ABB020784DE30055BDA3 /* LaunchScreen.storyboard */,
				AA57ABB320784DE30055BDA3 /* Info.plist */,
			);
			path = FirstResponder;
			sourceTree = "<group>";
		};
		AA57ABBB20784DE30055BDA3 /* FirstResponderTests */ = {
			isa = PBXGroup;
			children = (
				AA57ABBC20784DE30055BDA3 /* FirstResponderTests.swift */,
				AA57ABBE20784DE30055BDA3 /* Info.plist */,
			);
			path = FirstResponderTests;
			sourceTree = "<group>";
		};
		AA57ABC620784DE30055BDA3 /* FirstResponderUITests */ = {
			isa = PBXGroup;
			children = (
				AA57ABC720784DE30055BDA3 /* FirstResponderUITests.swift */,
				AA57ABC920784DE30055BDA3 /* Info.plist */,
			);
			path = FirstResponderUITests;
			sourceTree = "<group>";
		};
		C17223CEE5A5BE3E269FCCC5 /* Pods */ = {
			isa = PBXGroup;
			children = (
				CEF608C0B1CC5102DEC6419B /* Pods-FirstResponder.debug.xcconfig */,
				B8D1AC0F38E7CF5F75E37C96 /* Pods-FirstResponder.release.xcconfig */,
				5523164C60A9ED5EC240DC43 /* Pods-FirstResponderTests.debug.xcconfig */,
				7F312BA6513955BF2E926DAD /* Pods-FirstResponderTests.release.xcconfig */,
				008A187E1919999C3D833B21 /* Pods-FirstResponderUITests.debug.xcconfig */,
				2F13A303544225B4BC56AC77 /* Pods-FirstResponderUITests.release.xcconfig */,
			);
			name = Pods;
			sourceTree = "<group>";
		};
		CD2ED0756005E35CC4227861 /* Frameworks */ = {
			isa = PBXGroup;
			children = (
				93C35C6CB4344555B4B69733 /* Pods_FirstResponder.framework */,
				87028EE5D2A0B31F1A8B702D /* Pods_FirstResponderTests.framework */,
				BDBA9D6ECA01D04FD8E5C014 /* Pods_FirstResponderUITests.framework */,
			);
			name = Frameworks;
			sourceTree = "<group>";
		};
/* End PBXGroup section */

/* Begin PBXNativeTarget section */
		AA57ABA320784DE30055BDA3 /* FirstResponder */ = {
			isa = PBXNativeTarget;
			buildConfigurationList = AA57ABCC20784DE30055BDA3 /* Build configuration list for PBXNativeTarget "FirstResponder" */;
			buildPhases = (
				0BFFC99FD27AA4DD6587B771 /* [CP] Check Pods Manifest.lock */,
				AA57ABA020784DE30055BDA3 /* Sources */,
				AA57ABA120784DE30055BDA3 /* Frameworks */,
				AA57ABA220784DE30055BDA3 /* Resources */,
				9BB78E48EE1C4E7E00E39028 /* [CP] Embed Pods Frameworks */,
				F8098263BD57781D01D69373 /* [CP] Copy Pods Resources */,
			);
			buildRules = (
			);
			dependencies = (
			);
			name = FirstResponder;
			productName = FirstResponder;
			productReference = AA57ABA420784DE30055BDA3 /* FirstResponder.app */;
			productType = "com.apple.product-type.application";
		};
		AA57ABB720784DE30055BDA3 /* FirstResponderTests */ = {
			isa = PBXNativeTarget;
			buildConfigurationList = AA57ABCF20784DE30055BDA3 /* Build configuration list for PBXNativeTarget "FirstResponderTests" */;
			buildPhases = (
				C7B8D05B1E91FA8200E4147A /* [CP] Check Pods Manifest.lock */,
				AA57ABB420784DE30055BDA3 /* Sources */,
				AA57ABB520784DE30055BDA3 /* Frameworks */,
				AA57ABB620784DE30055BDA3 /* Resources */,
				9798091AAC635AA13500C90C /* [CP] Embed Pods Frameworks */,
				390085C107D0D846400D5BF5 /* [CP] Copy Pods Resources */,
			);
			buildRules = (
			);
			dependencies = (
				AA57ABBA20784DE30055BDA3 /* PBXTargetDependency */,
			);
			name = FirstResponderTests;
			productName = FirstResponderTests;
			productReference = AA57ABB820784DE30055BDA3 /* FirstResponderTests.xctest */;
			productType = "com.apple.product-type.bundle.unit-test";
		};
		AA57ABC220784DE30055BDA3 /* FirstResponderUITests */ = {
			isa = PBXNativeTarget;
			buildConfigurationList = AA57ABD220784DE30055BDA3 /* Build configuration list for PBXNativeTarget "FirstResponderUITests" */;
			buildPhases = (
				287A893D003227E743011B8D /* [CP] Check Pods Manifest.lock */,
				AA57ABBF20784DE30055BDA3 /* Sources */,
				AA57ABC020784DE30055BDA3 /* Frameworks */,
				AA57ABC120784DE30055BDA3 /* Resources */,
				CF72B854563E2268A900F05A /* [CP] Embed Pods Frameworks */,
				8022A211DC52710A730FF484 /* [CP] Copy Pods Resources */,
			);
			buildRules = (
			);
			dependencies = (
				AA57ABC520784DE30055BDA3 /* PBXTargetDependency */,
			);
			name = FirstResponderUITests;
			productName = FirstResponderUITests;
			productReference = AA57ABC320784DE30055BDA3 /* FirstResponderUITests.xctest */;
			productType = "com.apple.product-type.bundle.ui-testing";
		};
/* End PBXNativeTarget section */

/* Begin PBXProject section */
		AA57AB9C20784DE30055BDA3 /* Project object */ = {
			isa = PBXProject;
			attributes = {
				LastSwiftUpdateCheck = 0920;
				LastUpgradeCheck = 0920;
				ORGANIZATIONNAME = "Akshay Tracy Co.";
				TargetAttributes = {
					AA57ABA320784DE30055BDA3 = {
						CreatedOnToolsVersion = 9.2;
						ProvisioningStyle = Automatic;
					};
					AA57ABB720784DE30055BDA3 = {
						CreatedOnToolsVersion = 9.2;
						ProvisioningStyle = Automatic;
						TestTargetID = AA57ABA320784DE30055BDA3;
					};
					AA57ABC220784DE30055BDA3 = {
						CreatedOnToolsVersion = 9.2;
						ProvisioningStyle = Automatic;
						TestTargetID = AA57ABA320784DE30055BDA3;
					};
				};
			};
			buildConfigurationList = AA57AB9F20784DE30055BDA3 /* Build configuration list for PBXProject "FirstResponder" */;
			compatibilityVersion = "Xcode 8.0";
			developmentRegion = en;
			hasScannedForEncodings = 0;
			knownRegions = (
				en,
				Base,
			);
			mainGroup = AA57AB9B20784DE30055BDA3;
			productRefGroup = AA57ABA520784DE30055BDA3 /* Products */;
			projectDirPath = "";
			projectRoot = "";
			targets = (
				AA57ABA320784DE30055BDA3 /* FirstResponder */,
				AA57ABB720784DE30055BDA3 /* FirstResponderTests */,
				AA57ABC220784DE30055BDA3 /* FirstResponderUITests */,
			);
		};
/* End PBXProject section */

/* Begin PBXResourcesBuildPhase section */
		AA57ABA220784DE30055BDA3 /* Resources */ = {
			isa = PBXResourcesBuildPhase;
			buildActionMask = 2147483647;
			files = (
				AA57ABB220784DE30055BDA3 /* LaunchScreen.storyboard in Resources */,
				AA57ABDC20785A280055BDA3 /* GoogleService-Info.plist in Resources */,
				AA57ABAF20784DE30055BDA3 /* Assets.xcassets in Resources */,
				AA57ABAD20784DE30055BDA3 /* Main.storyboard in Resources */,
			);
			runOnlyForDeploymentPostprocessing = 0;
		};
		AA57ABB620784DE30055BDA3 /* Resources */ = {
			isa = PBXResourcesBuildPhase;
			buildActionMask = 2147483647;
			files = (
			);
			runOnlyForDeploymentPostprocessing = 0;
		};
		AA57ABC120784DE30055BDA3 /* Resources */ = {
			isa = PBXResourcesBuildPhase;
			buildActionMask = 2147483647;
			files = (
			);
			runOnlyForDeploymentPostprocessing = 0;
		};
/* End PBXResourcesBuildPhase section */

/* Begin PBXShellScriptBuildPhase section */
		0BFFC99FD27AA4DD6587B771 /* [CP] Check Pods Manifest.lock */ = {
			isa = PBXShellScriptBuildPhase;
			buildActionMask = 2147483647;
			files = (
			);
			inputPaths = (
				"${PODS_PODFILE_DIR_PATH}/Podfile.lock",
				"${PODS_ROOT}/Manifest.lock",
			);
			name = "[CP] Check Pods Manifest.lock";
			outputPaths = (
				"$(DERIVED_FILE_DIR)/Pods-FirstResponder-checkManifestLockResult.txt",
			);
			runOnlyForDeploymentPostprocessing = 0;
			shellPath = /bin/sh;
			shellScript = "diff \"${PODS_PODFILE_DIR_PATH}/Podfile.lock\" \"${PODS_ROOT}/Manifest.lock\" > /dev/null\nif [ $? != 0 ] ; then\n    # print error to STDERR\n    echo \"error: The sandbox is not in sync with the Podfile.lock. Run 'pod install' or update your CocoaPods installation.\" >&2\n    exit 1\nfi\n# This output is used by Xcode 'outputs' to avoid re-running this script phase.\necho \"SUCCESS\" > \"${SCRIPT_OUTPUT_FILE_0}\"\n";
			showEnvVarsInLog = 0;
		};
		287A893D003227E743011B8D /* [CP] Check Pods Manifest.lock */ = {
			isa = PBXShellScriptBuildPhase;
			buildActionMask = 2147483647;
			files = (
			);
			inputPaths = (
				"${PODS_PODFILE_DIR_PATH}/Podfile.lock",
				"${PODS_ROOT}/Manifest.lock",
			);
			name = "[CP] Check Pods Manifest.lock";
			outputPaths = (
				"$(DERIVED_FILE_DIR)/Pods-FirstResponderUITests-checkManifestLockResult.txt",
			);
			runOnlyForDeploymentPostprocessing = 0;
			shellPath = /bin/sh;
			shellScript = "diff \"${PODS_PODFILE_DIR_PATH}/Podfile.lock\" \"${PODS_ROOT}/Manifest.lock\" > /dev/null\nif [ $? != 0 ] ; then\n    # print error to STDERR\n    echo \"error: The sandbox is not in sync with the Podfile.lock. Run 'pod install' or update your CocoaPods installation.\" >&2\n    exit 1\nfi\n# This output is used by Xcode 'outputs' to avoid re-running this script phase.\necho \"SUCCESS\" > \"${SCRIPT_OUTPUT_FILE_0}\"\n";
			showEnvVarsInLog = 0;
		};
		390085C107D0D846400D5BF5 /* [CP] Copy Pods Resources */ = {
			isa = PBXShellScriptBuildPhase;
			buildActionMask = 2147483647;
			files = (
			);
			inputPaths = (
			);
			name = "[CP] Copy Pods Resources";
			outputPaths = (
			);
			runOnlyForDeploymentPostprocessing = 0;
			shellPath = /bin/sh;
			shellScript = "\"${SRCROOT}/Pods/Target Support Files/Pods-FirstResponderTests/Pods-FirstResponderTests-resources.sh\"\n";
			showEnvVarsInLog = 0;
		};
		8022A211DC52710A730FF484 /* [CP] Copy Pods Resources */ = {
			isa = PBXShellScriptBuildPhase;
			buildActionMask = 2147483647;
			files = (
			);
			inputPaths = (
			);
			name = "[CP] Copy Pods Resources";
			outputPaths = (
			);
			runOnlyForDeploymentPostprocessing = 0;
			shellPath = /bin/sh;
			shellScript = "\"${SRCROOT}/Pods/Target Support Files/Pods-FirstResponderUITests/Pods-FirstResponderUITests-resources.sh\"\n";
			showEnvVarsInLog = 0;
		};
		9798091AAC635AA13500C90C /* [CP] Embed Pods Frameworks */ = {
			isa = PBXShellScriptBuildPhase;
			buildActionMask = 2147483647;
			files = (
			);
			inputPaths = (
			);
			name = "[CP] Embed Pods Frameworks";
			outputPaths = (
			);
			runOnlyForDeploymentPostprocessing = 0;
			shellPath = /bin/sh;
			shellScript = "\"${SRCROOT}/Pods/Target Support Files/Pods-FirstResponderTests/Pods-FirstResponderTests-frameworks.sh\"\n";
			showEnvVarsInLog = 0;
		};
		9BB78E48EE1C4E7E00E39028 /* [CP] Embed Pods Frameworks */ = {
			isa = PBXShellScriptBuildPhase;
			buildActionMask = 2147483647;
			files = (
			);
			inputPaths = (
				"${SRCROOT}/Pods/Target Support Files/Pods-FirstResponder/Pods-FirstResponder-frameworks.sh",
				"${BUILT_PRODUCTS_DIR}/GoogleToolboxForMac/GoogleToolboxForMac.framework",
				"${BUILT_PRODUCTS_DIR}/leveldb-library/leveldb.framework",
				"${BUILT_PRODUCTS_DIR}/nanopb/nanopb.framework",
			);
			name = "[CP] Embed Pods Frameworks";
			outputPaths = (
				"${TARGET_BUILD_DIR}/${FRAMEWORKS_FOLDER_PATH}/GoogleToolboxForMac.framework",
				"${TARGET_BUILD_DIR}/${FRAMEWORKS_FOLDER_PATH}/leveldb.framework",
				"${TARGET_BUILD_DIR}/${FRAMEWORKS_FOLDER_PATH}/nanopb.framework",
			);
			runOnlyForDeploymentPostprocessing = 0;
			shellPath = /bin/sh;
			shellScript = "\"${SRCROOT}/Pods/Target Support Files/Pods-FirstResponder/Pods-FirstResponder-frameworks.sh\"\n";
			showEnvVarsInLog = 0;
		};
		C7B8D05B1E91FA8200E4147A /* [CP] Check Pods Manifest.lock */ = {
			isa = PBXShellScriptBuildPhase;
			buildActionMask = 2147483647;
			files = (
			);
			inputPaths = (
				"${PODS_PODFILE_DIR_PATH}/Podfile.lock",
				"${PODS_ROOT}/Manifest.lock",
			);
			name = "[CP] Check Pods Manifest.lock";
			outputPaths = (
				"$(DERIVED_FILE_DIR)/Pods-FirstResponderTests-checkManifestLockResult.txt",
			);
			runOnlyForDeploymentPostprocessing = 0;
			shellPath = /bin/sh;
			shellScript = "diff \"${PODS_PODFILE_DIR_PATH}/Podfile.lock\" \"${PODS_ROOT}/Manifest.lock\" > /dev/null\nif [ $? != 0 ] ; then\n    # print error to STDERR\n    echo \"error: The sandbox is not in sync with the Podfile.lock. Run 'pod install' or update your CocoaPods installation.\" >&2\n    exit 1\nfi\n# This output is used by Xcode 'outputs' to avoid re-running this script phase.\necho \"SUCCESS\" > \"${SCRIPT_OUTPUT_FILE_0}\"\n";
			showEnvVarsInLog = 0;
		};
		CF72B854563E2268A900F05A /* [CP] Embed Pods Frameworks */ = {
			isa = PBXShellScriptBuildPhase;
			buildActionMask = 2147483647;
			files = (
			);
			inputPaths = (
			);
			name = "[CP] Embed Pods Frameworks";
			outputPaths = (
			);
			runOnlyForDeploymentPostprocessing = 0;
			shellPath = /bin/sh;
			shellScript = "\"${SRCROOT}/Pods/Target Support Files/Pods-FirstResponderUITests/Pods-FirstResponderUITests-frameworks.sh\"\n";
			showEnvVarsInLog = 0;
		};
		F8098263BD57781D01D69373 /* [CP] Copy Pods Resources */ = {
			isa = PBXShellScriptBuildPhase;
			buildActionMask = 2147483647;
			files = (
			);
			inputPaths = (
			);
			name = "[CP] Copy Pods Resources";
			outputPaths = (
			);
			runOnlyForDeploymentPostprocessing = 0;
			shellPath = /bin/sh;
			shellScript = "\"${SRCROOT}/Pods/Target Support Files/Pods-FirstResponder/Pods-FirstResponder-resources.sh\"\n";
			showEnvVarsInLog = 0;
		};
/* End PBXShellScriptBuildPhase section */

/* Begin PBXSourcesBuildPhase section */
		AA57ABA020784DE30055BDA3 /* Sources */ = {
			isa = PBXSourcesBuildPhase;
			buildActionMask = 2147483647;
			files = (
				AA57ABAA20784DE30055BDA3 /* ViewController.swift in Sources */,
				AA57ABA820784DE30055BDA3 /* AppDelegate.swift in Sources */,
				AA57ABD8207855840055BDA3 /* ViewControllerTableViewCell.swift in Sources */,
				AA57ABDA2078562B0055BDA3 /* HouseholdModel.swift in Sources */,
			);
			runOnlyForDeploymentPostprocessing = 0;
		};
		AA57ABB420784DE30055BDA3 /* Sources */ = {
			isa = PBXSourcesBuildPhase;
			buildActionMask = 2147483647;
			files = (
				AA57ABBD20784DE30055BDA3 /* FirstResponderTests.swift in Sources */,
			);
			runOnlyForDeploymentPostprocessing = 0;
		};
		AA57ABBF20784DE30055BDA3 /* Sources */ = {
			isa = PBXSourcesBuildPhase;
			buildActionMask = 2147483647;
			files = (
				AA57ABC820784DE30055BDA3 /* FirstResponderUITests.swift in Sources */,
			);
			runOnlyForDeploymentPostprocessing = 0;
		};
/* End PBXSourcesBuildPhase section */

/* Begin PBXTargetDependency section */
		AA57ABBA20784DE30055BDA3 /* PBXTargetDependency */ = {
			isa = PBXTargetDependency;
			target = AA57ABA320784DE30055BDA3 /* FirstResponder */;
			targetProxy = AA57ABB920784DE30055BDA3 /* PBXContainerItemProxy */;
		};
		AA57ABC520784DE30055BDA3 /* PBXTargetDependency */ = {
			isa = PBXTargetDependency;
			target = AA57ABA320784DE30055BDA3 /* FirstResponder */;
			targetProxy = AA57ABC420784DE30055BDA3 /* PBXContainerItemProxy */;
		};
/* End PBXTargetDependency section */

/* Begin PBXVariantGroup section */
		AA57ABAB20784DE30055BDA3 /* Main.storyboard */ = {
			isa = PBXVariantGroup;
			children = (
				AA57ABAC20784DE30055BDA3 /* Base */,
			);
			name = Main.storyboard;
			sourceTree = "<group>";
		};
		AA57ABB020784DE30055BDA3 /* LaunchScreen.storyboard */ = {
			isa = PBXVariantGroup;
			children = (
				AA57ABB120784DE30055BDA3 /* Base */,
			);
			name = LaunchScreen.storyboard;
			sourceTree = "<group>";
		};
/* End PBXVariantGroup section */

/* Begin XCBuildConfiguration section */
		AA57ABCA20784DE30055BDA3 /* Debug */ = {
			isa = XCBuildConfiguration;
			buildSettings = {
				ALWAYS_SEARCH_USER_PATHS = NO;
				CLANG_ANALYZER_NONNULL = YES;
				CLANG_ANALYZER_NUMBER_OBJECT_CONVERSION = YES_AGGRESSIVE;
				CLANG_CXX_LANGUAGE_STANDARD = "gnu++14";
				CLANG_CXX_LIBRARY = "libc++";
				CLANG_ENABLE_MODULES = YES;
				CLANG_ENABLE_OBJC_ARC = YES;
				CLANG_WARN_BLOCK_CAPTURE_AUTORELEASING = YES;
				CLANG_WARN_BOOL_CONVERSION = YES;
				CLANG_WARN_COMMA = YES;
				CLANG_WARN_CONSTANT_CONVERSION = YES;
				CLANG_WARN_DIRECT_OBJC_ISA_USAGE = YES_ERROR;
				CLANG_WARN_DOCUMENTATION_COMMENTS = YES;
				CLANG_WARN_EMPTY_BODY = YES;
				CLANG_WARN_ENUM_CONVERSION = YES;
				CLANG_WARN_INFINITE_RECURSION = YES;
				CLANG_WARN_INT_CONVERSION = YES;
				CLANG_WARN_NON_LITERAL_NULL_CONVERSION = YES;
				CLANG_WARN_OBJC_LITERAL_CONVERSION = YES;
				CLANG_WARN_OBJC_ROOT_CLASS = YES_ERROR;
				CLANG_WARN_RANGE_LOOP_ANALYSIS = YES;
				CLANG_WARN_STRICT_PROTOTYPES = YES;
				CLANG_WARN_SUSPICIOUS_MOVE = YES;
				CLANG_WARN_UNGUARDED_AVAILABILITY = YES_AGGRESSIVE;
				CLANG_WARN_UNREACHABLE_CODE = YES;
				CLANG_WARN__DUPLICATE_METHOD_MATCH = YES;
				CODE_SIGN_IDENTITY = "iPhone Developer";
				COPY_PHASE_STRIP = NO;
				DEBUG_INFORMATION_FORMAT = dwarf;
				ENABLE_STRICT_OBJC_MSGSEND = YES;
				ENABLE_TESTABILITY = YES;
				GCC_C_LANGUAGE_STANDARD = gnu11;
				GCC_DYNAMIC_NO_PIC = NO;
				GCC_NO_COMMON_BLOCKS = YES;
				GCC_OPTIMIZATION_LEVEL = 0;
				GCC_PREPROCESSOR_DEFINITIONS = (
					"DEBUG=1",
					"$(inherited)",
				);
				GCC_WARN_64_TO_32_BIT_CONVERSION = YES;
				GCC_WARN_ABOUT_RETURN_TYPE = YES_ERROR;
				GCC_WARN_UNDECLARED_SELECTOR = YES;
				GCC_WARN_UNINITIALIZED_AUTOS = YES_AGGRESSIVE;
				GCC_WARN_UNUSED_FUNCTION = YES;
				GCC_WARN_UNUSED_VARIABLE = YES;
				IPHONEOS_DEPLOYMENT_TARGET = 11.2;
				MTL_ENABLE_DEBUG_INFO = YES;
				ONLY_ACTIVE_ARCH = YES;
				SDKROOT = iphoneos;
				SWIFT_ACTIVE_COMPILATION_CONDITIONS = DEBUG;
				SWIFT_OPTIMIZATION_LEVEL = "-Onone";
			};
			name = Debug;
		};
		AA57ABCB20784DE30055BDA3 /* Release */ = {
			isa = XCBuildConfiguration;
			buildSettings = {
				ALWAYS_SEARCH_USER_PATHS = NO;
				CLANG_ANALYZER_NONNULL = YES;
				CLANG_ANALYZER_NUMBER_OBJECT_CONVERSION = YES_AGGRESSIVE;
				CLANG_CXX_LANGUAGE_STANDARD = "gnu++14";
				CLANG_CXX_LIBRARY = "libc++";
				CLANG_ENABLE_MODULES = YES;
				CLANG_ENABLE_OBJC_ARC = YES;
				CLANG_WARN_BLOCK_CAPTURE_AUTORELEASING = YES;
				CLANG_WARN_BOOL_CONVERSION = YES;
				CLANG_WARN_COMMA = YES;
				CLANG_WARN_CONSTANT_CONVERSION = YES;
				CLANG_WARN_DIRECT_OBJC_ISA_USAGE = YES_ERROR;
				CLANG_WARN_DOCUMENTATION_COMMENTS = YES;
				CLANG_WARN_EMPTY_BODY = YES;
				CLANG_WARN_ENUM_CONVERSION = YES;
				CLANG_WARN_INFINITE_RECURSION = YES;
				CLANG_WARN_INT_CONVERSION = YES;
				CLANG_WARN_NON_LITERAL_NULL_CONVERSION = YES;
				CLANG_WARN_OBJC_LITERAL_CONVERSION = YES;
				CLANG_WARN_OBJC_ROOT_CLASS = YES_ERROR;
				CLANG_WARN_RANGE_LOOP_ANALYSIS = YES;
				CLANG_WARN_STRICT_PROTOTYPES = YES;
				CLANG_WARN_SUSPICIOUS_MOVE = YES;
				CLANG_WARN_UNGUARDED_AVAILABILITY = YES_AGGRESSIVE;
				CLANG_WARN_UNREACHABLE_CODE = YES;
				CLANG_WARN__DUPLICATE_METHOD_MATCH = YES;
				CODE_SIGN_IDENTITY = "iPhone Developer";
				COPY_PHASE_STRIP = NO;
				DEBUG_INFORMATION_FORMAT = "dwarf-with-dsym";
				ENABLE_NS_ASSERTIONS = NO;
				ENABLE_STRICT_OBJC_MSGSEND = YES;
				GCC_C_LANGUAGE_STANDARD = gnu11;
				GCC_NO_COMMON_BLOCKS = YES;
				GCC_WARN_64_TO_32_BIT_CONVERSION = YES;
				GCC_WARN_ABOUT_RETURN_TYPE = YES_ERROR;
				GCC_WARN_UNDECLARED_SELECTOR = YES;
				GCC_WARN_UNINITIALIZED_AUTOS = YES_AGGRESSIVE;
				GCC_WARN_UNUSED_FUNCTION = YES;
				GCC_WARN_UNUSED_VARIABLE = YES;
				IPHONEOS_DEPLOYMENT_TARGET = 11.2;
				MTL_ENABLE_DEBUG_INFO = NO;
				SDKROOT = iphoneos;
				SWIFT_OPTIMIZATION_LEVEL = "-Owholemodule";
				VALIDATE_PRODUCT = YES;
			};
			name = Release;
		};
		AA57ABCD20784DE30055BDA3 /* Debug */ = {
			isa = XCBuildConfiguration;
			baseConfigurationReference = CEF608C0B1CC5102DEC6419B /* Pods-FirstResponder.debug.xcconfig */;
			buildSettings = {
				ASSETCATALOG_COMPILER_APPICON_NAME = AppIcon;
				CODE_SIGN_STYLE = Automatic;
				INFOPLIST_FILE = FirstResponder/Info.plist;
				LD_RUNPATH_SEARCH_PATHS = "$(inherited) @executable_path/Frameworks";
				PRODUCT_BUNDLE_IDENTIFIER = ATC.Plentifull;
				PRODUCT_NAME = "$(TARGET_NAME)";
				SWIFT_VERSION = 4.0;
				TARGETED_DEVICE_FAMILY = "1,2";
			};
			name = Debug;
		};
		AA57ABCE20784DE30055BDA3 /* Release */ = {
			isa = XCBuildConfiguration;
			baseConfigurationReference = B8D1AC0F38E7CF5F75E37C96 /* Pods-FirstResponder.release.xcconfig */;
			buildSettings = {
				ASSETCATALOG_COMPILER_APPICON_NAME = AppIcon;
				CODE_SIGN_STYLE = Automatic;
				INFOPLIST_FILE = FirstResponder/Info.plist;
				LD_RUNPATH_SEARCH_PATHS = "$(inherited) @executable_path/Frameworks";
				PRODUCT_BUNDLE_IDENTIFIER = ATC.Plentifull;
				PRODUCT_NAME = "$(TARGET_NAME)";
				SWIFT_VERSION = 4.0;
				TARGETED_DEVICE_FAMILY = "1,2";
			};
			name = Release;
		};
		AA57ABD020784DE30055BDA3 /* Debug */ = {
			isa = XCBuildConfiguration;
			baseConfigurationReference = 5523164C60A9ED5EC240DC43 /* Pods-FirstResponderTests.debug.xcconfig */;
			buildSettings = {
				ALWAYS_EMBED_SWIFT_STANDARD_LIBRARIES = YES;
				BUNDLE_LOADER = "$(TEST_HOST)";
				CODE_SIGN_STYLE = Automatic;
				INFOPLIST_FILE = FirstResponderTests/Info.plist;
				LD_RUNPATH_SEARCH_PATHS = "$(inherited) @executable_path/Frameworks @loader_path/Frameworks";
				PRODUCT_BUNDLE_IDENTIFIER = ATC.FirstResponderTests;
				PRODUCT_NAME = "$(TARGET_NAME)";
				SWIFT_VERSION = 4.0;
				TARGETED_DEVICE_FAMILY = "1,2";
				TEST_HOST = "$(BUILT_PRODUCTS_DIR)/FirstResponder.app/FirstResponder";
			};
			name = Debug;
		};
		AA57ABD120784DE30055BDA3 /* Release */ = {
			isa = XCBuildConfiguration;
			baseConfigurationReference = 7F312BA6513955BF2E926DAD /* Pods-FirstResponderTests.release.xcconfig */;
			buildSettings = {
				ALWAYS_EMBED_SWIFT_STANDARD_LIBRARIES = YES;
				BUNDLE_LOADER = "$(TEST_HOST)";
				CODE_SIGN_STYLE = Automatic;
				INFOPLIST_FILE = FirstResponderTests/Info.plist;
				LD_RUNPATH_SEARCH_PATHS = "$(inherited) @executable_path/Frameworks @loader_path/Frameworks";
				PRODUCT_BUNDLE_IDENTIFIER = ATC.FirstResponderTests;
				PRODUCT_NAME = "$(TARGET_NAME)";
				SWIFT_VERSION = 4.0;
				TARGETED_DEVICE_FAMILY = "1,2";
				TEST_HOST = "$(BUILT_PRODUCTS_DIR)/FirstResponder.app/FirstResponder";
			};
			name = Release;
		};
		AA57ABD320784DE30055BDA3 /* Debug */ = {
			isa = XCBuildConfiguration;
			baseConfigurationReference = 008A187E1919999C3D833B21 /* Pods-FirstResponderUITests.debug.xcconfig */;
			buildSettings = {
				ALWAYS_EMBED_SWIFT_STANDARD_LIBRARIES = YES;
				CODE_SIGN_STYLE = Automatic;
				INFOPLIST_FILE = FirstResponderUITests/Info.plist;
				LD_RUNPATH_SEARCH_PATHS = "$(inherited) @executable_path/Frameworks @loader_path/Frameworks";
				PRODUCT_BUNDLE_IDENTIFIER = ATC.FirstResponderUITests;
				PRODUCT_NAME = "$(TARGET_NAME)";
				SWIFT_VERSION = 4.0;
				TARGETED_DEVICE_FAMILY = "1,2";
				TEST_TARGET_NAME = FirstResponder;
			};
			name = Debug;
		};
		AA57ABD420784DE30055BDA3 /* Release */ = {
			isa = XCBuildConfiguration;
			baseConfigurationReference = 2F13A303544225B4BC56AC77 /* Pods-FirstResponderUITests.release.xcconfig */;
			buildSettings = {
				ALWAYS_EMBED_SWIFT_STANDARD_LIBRARIES = YES;
				CODE_SIGN_STYLE = Automatic;
				INFOPLIST_FILE = FirstResponderUITests/Info.plist;
				LD_RUNPATH_SEARCH_PATHS = "$(inherited) @executable_path/Frameworks @loader_path/Frameworks";
				PRODUCT_BUNDLE_IDENTIFIER = ATC.FirstResponderUITests;
				PRODUCT_NAME = "$(TARGET_NAME)";
				SWIFT_VERSION = 4.0;
				TARGETED_DEVICE_FAMILY = "1,2";
				TEST_TARGET_NAME = FirstResponder;
			};
			name = Release;
		};
/* End XCBuildConfiguration section */

/* Begin XCConfigurationList section */
		AA57AB9F20784DE30055BDA3 /* Build configuration list for PBXProject "FirstResponder" */ = {
			isa = XCConfigurationList;
			buildConfigurations = (
				AA57ABCA20784DE30055BDA3 /* Debug */,
				AA57ABCB20784DE30055BDA3 /* Release */,
			);
			defaultConfigurationIsVisible = 0;
			defaultConfigurationName = Release;
		};
		AA57ABCC20784DE30055BDA3 /* Build configuration list for PBXNativeTarget "FirstResponder" */ = {
			isa = XCConfigurationList;
			buildConfigurations = (
				AA57ABCD20784DE30055BDA3 /* Debug */,
				AA57ABCE20784DE30055BDA3 /* Release */,
			);
			defaultConfigurationIsVisible = 0;
			defaultConfigurationName = Release;
		};
		AA57ABCF20784DE30055BDA3 /* Build configuration list for PBXNativeTarget "FirstResponderTests" */ = {
			isa = XCConfigurationList;
			buildConfigurations = (
				AA57ABD020784DE30055BDA3 /* Debug */,
				AA57ABD120784DE30055BDA3 /* Release */,
			);
			defaultConfigurationIsVisible = 0;
			defaultConfigurationName = Release;
		};
		AA57ABD220784DE30055BDA3 /* Build configuration list for PBXNativeTarget "FirstResponderUITests" */ = {
			isa = XCConfigurationList;
			buildConfigurations = (
				AA57ABD320784DE30055BDA3 /* Debug */,
				AA57ABD420784DE30055BDA3 /* Release */,
			);
			defaultConfigurationIsVisible = 0;
			defaultConfigurationName = Release;
		};
/* End XCConfigurationList section */
	};
	rootObject = AA57AB9C20784DE30055BDA3 /* Project object */;
}
